
Microsoft Visual Studio Solution File, Format Version 12.00
# Visual Studio 15
VisualStudioVersion = 15.0.27703.2026
MinimumVisualStudioVersion = 10.0.40219.1
Project("{9A19103F-16F7-4668-BE54-9A1E7A4F7556}") = "TimelapseMP4Webpage", "TimelapseMP4Webpage.csproj", "{CE23C675-11E9-4859-A329-A2B5B7965389}"
EndProject
Global
	GlobalSection(SolutionConfigurationPlatforms) = preSolution
		Debug|Any CPU = Debug|Any CPU
		Release|Any CPU = Release|Any CPU
	EndGlobalSection
	GlobalSection(ProjectConfigurationPlatforms) = postSolution
		{CE23C675-11E9-4859-A329-A2B5B7965389}.Debug|Any CPU.ActiveCfg = Debug|Any CPU
		{CE23C675-11E9-4859-A329-A2B5B7965389}.Debug|Any CPU.Build.0 = Debug|Any CPU
		{CE23C675-11E9-4859-A329-A2B5B7965389}.Release|Any CPU.ActiveCfg = Release|Any CPU
		{CE23C675-11E9-4859-A329-A2B5B7965389}.Release|Any CPU.Build.0 = Release|Any CPU
	EndGlobalSection
	GlobalSection(SolutionProperties) = preSolution
		HideSolutionNode = FALSE
	EndGlobalSection
	GlobalSection(ExtensibilityGlobals) = postSolution
		SolutionGuid = {736C88FE-0E03-4B1E-AD8C-23AD2A7A0F1C}
	EndGlobalSection
EndGlobal
